<?xml version="1.0" encoding="utf-8"?>
<Project ToolsVersion="4.0" xmlns="http://schemas.microsoft.com/developer/msbuild/2003">
  <ItemGroup>
    <ClCompile Include="main.cpp" />
    <ClCompile Include="Render Engine\lenseFlare\FlareManager.cpp" />
    <ClCompile Include="Render Engine\lenseFlare\FlareRender.cpp" />
    <ClCompile Include="Render Engine\lenseFlare\LenseFlare.cpp" />
    <ClCompile Include="Render Engine\particles\ParticleSystem.cpp" />
    <ClCompile Include="Render Engine\basics\DisplayManager.cpp" />
    <ClCompile Include="Render Engine\bloom\BloomCombineShader.h" />
    <ClCompile Include="Render Engine\environment\environment.cpp" />
    <ClCompile Include="Render Engine\particles\particle.cpp" />
    <ClCompile Include="Render Engine\particles\particleMaster.cpp" />
    <ClCompile Include="Render Engine\particles\particleRender.cpp" />
    <ClCompile Include="Render Engine\postProcessing\Fbo.cpp" />
    <ClCompile Include="Render Engine\postProcessing\FboBuilder.cpp" />
    <ClCompile Include="Render Engine\postProcessing\PostProcessingFilter.cpp" />
    <ClCompile Include="Render Engine\sun\Sun.cpp" />
    <ClCompile Include="Render Engine\textures\texture.cpp" />
    <ClCompile Include="Render Engine\textures\texturemanager.cpp" />
    <ClCompile Include="Render Engine\toolbox\Color.cpp" />
    <ClCompile Include="Render Engine\toolbox\OpenglUtils.cpp" />
    <ClCompile Include="Resource Management\glRequestProcessing\glrequestprocessor.cpp" />
    <ClCompile Include="Resource Management\resourceManagement\ParticleAtlasCache.cpp" />
    <ClCompile Include="Source\entity\models.cpp" />
    <ClCompile Include="Render Engine\buffers\buffer.cpp" />
    <ClCompile Include="Render Engine\buffers\indexbuffer.cpp" />
    <ClCompile Include="Render Engine\buffers\vertexarray.cpp" />
    <ClCompile Include="Render Engine\shaders\shader.cpp" />
    <ClCompile Include="Render Engine\basics\window.cpp" />
    <ClCompile Include="Render Engine\toolbox\maths\mat4.cpp" />
    <ClCompile Include="Render Engine\toolbox\maths\vec2.cpp" />
    <ClCompile Include="Render Engine\toolbox\maths\vec3.cpp" />
    <ClCompile Include="Render Engine\toolbox\maths\vec4.cpp" />
    <ClCompile Include="World\dayNightCycle\DayNightCycle.cpp" />
    <ClCompile Include="World\dayNightCycle\HorizonColourCycle.cpp" />
    <ClCompile Include="World\dayNightCycle\LightColorCycle.cpp" />
    <ClCompile Include="World\dayNightCycle\LightColorCycle.h" />
    <ClCompile Include="World\dayNightCycle\MistColorCycle.cpp" />
    <ClCompile Include="World\dayNightCycle\SkyColorCycle.cpp" />
    <ClCompile Include="World\dayNightCycle\SunCycle.cpp" />
    <ClCompile Include="Resource Management\save\save.cpp" />
    <ClCompile Include="Resource Management\save\saveslot.cpp" />
    <ClCompile Include="Resource Management\utils\fileutils.cpp" />
  </ItemGroup>
  <ItemGroup>
    <ClInclude Include="Render Engine\basics\DIsplayManager.h" />
    <ClInclude Include="Render Engine\basics\terrain.h" />
    <ClInclude Include="Render Engine\basics\terrainShader.h" />
    <ClInclude Include="Render Engine\bloom\bloomEffect.h" />
    <ClInclude Include="Render Engine\depthOfField\CombineFilter.h" />
    <ClInclude Include="Render Engine\depthOfField\DepthOfFieldEffect.h" />
    <ClInclude Include="Render Engine\depthOfField\DepthOfFieldShader.h" />
    <ClInclude Include="Render Engine\environment\environment.h" />
    <ClInclude Include="Render Engine\guiRendering\GuiShader.h" />
    <ClInclude Include="Render Engine\lenseFlare\FlareManager.h" />
    <ClInclude Include="Render Engine\lenseFlare\FlareRender.h" />
    <ClInclude Include="Render Engine\lenseFlare\FlareTexture.h" />
    <ClInclude Include="Render Engine\lenseFlare\LenseFlare.h" />
    <ClInclude Include="Render Engine\particleSpawns\CircleSpawn.h" />
    <ClInclude Include="Render Engine\particleSpawns\CuboidSpawn.h" />
    <ClInclude Include="Render Engine\particleSpawns\LineSpawn.h" />
    <ClInclude Include="Render Engine\particleSpawns\ParticleSpawn.h" />
    <ClInclude Include="Render Engine\particleSpawns\PointSpawn.h" />
    <ClInclude Include="Render Engine\particleSpawns\SphereSpawn.h" />
    <ClInclude Include="Render Engine\particles\particle.h" />
    <ClInclude Include="Render Engine\particles\particleColourShader.h" />
    <ClInclude Include="Render Engine\particles\particleMaster.h" />
    <ClInclude Include="Render Engine\particles\particleRender.h" />
    <ClInclude Include="Render Engine\particles\particleShader.h" />
    <ClInclude Include="Render Engine\particles\ParticleSystem.h" />
    <ClInclude Include="Render Engine\particles\particleTexture.h" />
    <ClInclude Include="Render Engine\postProcessing\Fbo.h" />
    <ClInclude Include="Render Engine\postProcessing\FboBuilder.h" />
    <ClInclude Include="Render Engine\postProcessing\GaussianBlur.h" />
    <ClInclude Include="Render Engine\postProcessing\GaussianBlur\GaussianBlur.h" />
    <ClInclude Include="Render Engine\postProcessing\GaussianBlur\HorizontalBlurShader.h" />
    <ClInclude Include="Render Engine\postProcessing\GaussianBlur\VerticalBlurShader.h" />
    <ClInclude Include="Render Engine\postProcessing\HorizontalBlurShader.h" />
    <ClInclude Include="Render Engine\postProcessing\InvertColor.h" />
    <ClInclude Include="Render Engine\postProcessing\InvertColorShader.h" />
    <ClInclude Include="Render Engine\postProcessing\InvertColor\InvertColor.h" />
    <ClInclude Include="Render Engine\postProcessing\InvertColor\InvertColorShader.h" />
    <ClInclude Include="Render Engine\postProcessing\PostProcessingFilter.h" />
    <ClInclude Include="Render Engine\postProcessing\PostProcessingPipeline.h" />
    <ClInclude Include="Render Engine\postProcessing\VerticalBlurShader.h" />
    <ClInclude Include="Render Engine\radialBlur\RadialBlur.h" />
    <ClInclude Include="Render Engine\radialBlur\RadialBlurShader.h" />
    <ClInclude Include="Render Engine\shaders\dragonshader.h" />
    <ClInclude Include="Render Engine\shaders\uniform.h" />
    <ClInclude Include="Render Engine\shaders\uniform1f.h" />
    <ClInclude Include="Render Engine\shaders\uniformbool.h" />
    <ClInclude Include="Render Engine\shaders\uniformmat4.h" />
    <ClInclude Include="Render Engine\shaders\uniformsampler.h" />
    <ClInclude Include="Render Engine\shaders\uniformvec2.h" />
    <ClInclude Include="Render Engine\shaders\uniformvec3.h" />
    <ClInclude Include="Render Engine\shaders\uniformvec4.h" />
    <ClInclude Include="Render Engine\sun\Sun.h" />
    <ClInclude Include="Render Engine\textures\texture.h" />
    <ClInclude Include="Render Engine\textures\texturedeleterequest.h" />
    <ClInclude Include="Render Engine\textures\textureloadrequest.h" />
    <ClInclude Include="Render Engine\textures\texturemanager.h" />
    <ClInclude Include="Render Engine\toolbox\Color.h" />
    <ClInclude Include="Render Engine\toolbox\OpenglUtils.h" />
    <ClInclude Include="Render Engine\toolbox\Query.h" />
    <ClInclude Include="Render Engine\toolbox\Transformation.h" />
    <ClInclude Include="Resource Management\glRequestProcessing\glrequest.h" />
    <ClInclude Include="Resource Management\glRequestProcessing\glrequestprocessor.h" />
    <ClInclude Include="Resource Management\glRequestProcessing\glrequestqueue.h" />
    <ClInclude Include="Resource Management\resourceManagement\ParticleAtlasCache.h" />
    <ClInclude Include="Source\entity\models.h" />
    <ClInclude Include="Render Engine\buffers\buffer.h" />
    <ClInclude Include="Render Engine\buffers\indexbuffer.h" />
    <ClInclude Include="Render Engine\buffers\vertexarray.h" />
    <ClInclude Include="Source\main\camera.h" />
    <ClInclude Include="Render Engine\shaders\shader.h" />
    <ClInclude Include="Render Engine\basics\window.h" />
    <ClInclude Include="Render Engine\toolbox\maths\mat4.h" />
    <ClInclude Include="Render Engine\toolbox\maths\maths_func.h" />
    <ClInclude Include="Render Engine\toolbox\maths\vec2.h" />
    <ClInclude Include="Render Engine\toolbox\maths\vec3.h" />
    <ClInclude Include="Render Engine\toolbox\maths\vec4.h" />
    <ClInclude Include="World\dayNightCycle\ColorCycle.h" />
    <ClInclude Include="World\dayNightCycle\DayNightCycle.h" />
    <ClInclude Include="World\dayNightCycle\HorizonColourCycle.h" />
    <ClInclude Include="World\dayNightCycle\MistColorCycle.h" />
    <ClInclude Include="World\dayNightCycle\SkyColorCycle.h" />
    <ClInclude Include="World\dayNightCycle\SunCycle.h" />
    <ClInclude Include="Resource Management\save\save.h" />
    <ClInclude Include="Resource Management\save\saveslot.h" />
    <ClInclude Include="Resource Management\languages\gametext.h" />
    <ClInclude Include="Resource Management\languages\language.h" />
    <ClInclude Include="Resource Management\utils\binaryreader.h" />
    <ClInclude Include="Resource Management\utils\binarywriter.h" />
    <ClInclude Include="Resource Management\utils\fileutils.h" />
  </ItemGroup>
  <ItemGroup>
    <None Include="Render Engine\basics\terrain.frag" />
    <None Include="Render Engine\basics\terrain.vert" />
    <None Include="Render Engine\bloom\brightPass.frag" />
    <None Include="Render Engine\bloom\combine.frag" />
    <None Include="Render Engine\depthOfField\combine.frag" />
    <None Include="Render Engine\guiRendering\gui.frag" />
    <None Include="Render Engine\guiRendering\gui.vert" />
    <None Include="Render Engine\particles\particle.frag" />
    <None Include="Render Engine\particles\particle.vert" />
    <None Include="Render Engine\particles\particleColour.frag" />
    <None Include="Render Engine\particles\particleColour.vert" />
    <None Include="Render Engine\postProcessing\basicPostProcessing.vert" />
    <None Include="Render Engine\postProcessing\blur.frag" />
    <None Include="Render Engine\postProcessing\GaussianBlur\blur.frag" />
    <None Include="Render Engine\postProcessing\GaussianBlur\horizontalBlur.vert" />
    <None Include="Render Engine\postProcessing\GaussianBlur\verticalBlur.vert" />
    <None Include="Render Engine\postProcessing\horizontalBlur.vert" />
    <None Include="Render Engine\postProcessing\InvertColor.frag" />
    <None Include="Render Engine\postProcessing\InvertColor.vert" />
    <None Include="Render Engine\postProcessing\InvertColor\InvertColor.frag" />
    <None Include="Render Engine\postProcessing\InvertColor\InvertColor.vert" />
    <None Include="Render Engine\postProcessing\verticalBlur.vert" />
    <None Include="Render Engine\radialBlur\RadialBlur.frag" />
=======
    <ClCompile Include="main.cpp">
      <Filter>源文件</Filter>
    </ClCompile>
    <ClCompile Include="Source\entity\models.cpp">
      <Filter>源文件</Filter>
    </ClCompile>
    <ClCompile Include="Render Engine\toolbox\maths\mat4.cpp">
      <Filter>源文件</Filter>
    </ClCompile>
    <ClCompile Include="Render Engine\toolbox\maths\vec2.cpp">
      <Filter>源文件</Filter>
    </ClCompile>
    <ClCompile Include="Render Engine\toolbox\maths\vec3.cpp">
      <Filter>源文件</Filter>
    </ClCompile>
    <ClCompile Include="Render Engine\toolbox\maths\vec4.cpp">
      <Filter>源文件</Filter>
    </ClCompile>
    <ClCompile Include="Render Engine\buffers\buffer.cpp">
      <Filter>源文件</Filter>
    </ClCompile>
    <ClCompile Include="Render Engine\buffers\indexbuffer.cpp">
      <Filter>源文件</Filter>
    </ClCompile>
    <ClCompile Include="Render Engine\buffers\vertexarray.cpp">
      <Filter>源文件</Filter>
    </ClCompile>
    <ClCompile Include="Render Engine\shaders\shader.cpp">
      <Filter>源文件</Filter>
    </ClCompile>
    <ClCompile Include="Render Engine\basics\window.cpp">
      <Filter>源文件</Filter>
    </ClCompile>
    <ClCompile Include="Resource Management\glRequestProcessing\glrequestprocessor.cpp">
      <Filter>源文件</Filter>
    </ClCompile>
    <ClCompile Include="Render Engine\particles\particle.cpp">
      <Filter>源文件</Filter>
    </ClCompile>
    <ClCompile Include="Render Engine\particles\particleRender.cpp">
      <Filter>源文件</Filter>
    </ClCompile>
    <ClCompile Include="Render Engine\environment\environment.cpp">
      <Filter>源文件</Filter>
    </ClCompile>
    <ClCompile Include="Render Engine\toolbox\Color.cpp">
      <Filter>源文件</Filter>
    </ClCompile>
    <ClCompile Include="Render Engine\postProcessing\Fbo.cpp">
      <Filter>源文件</Filter>
    </ClCompile>
    <ClCompile Include="Render Engine\postProcessing\FboBuilder.cpp">
      <Filter>源文件</Filter>
    </ClCompile>
    <ClCompile Include="Render Engine\postProcessing\PostProcessingFilter.cpp">
      <Filter>源文件</Filter>
    </ClCompile>
    <ClCompile Include="Render Engine\toolbox\OpenglUtils.cpp">
      <Filter>源文件</Filter>
    </ClCompile>
    <ClCompile Include="Render Engine\textures\texture.cpp">
      <Filter>源文件</Filter>
    </ClCompile>
    <ClCompile Include="Render Engine\textures\texturemanager.cpp">
      <Filter>源文件</Filter>
    </ClCompile>
    <ClCompile Include="Render Engine\bloom\BloomCombineShader.h">
      <Filter>源文件</Filter>
    </ClCompile>
    <ClCompile Include="Render Engine\bloom\BloomCombineFilter.h">
      <Filter>源文件</Filter>
    </ClCompile>
    <ClCompile Include="World\dayNightCycle\HorizonColourCycle.cpp">
      <Filter>源文件</Filter>
    </ClCompile>
    <ClCompile Include="World\dayNightCycle\LightColorCycle.h">
      <Filter>源文件</Filter>
    </ClCompile>
    <ClCompile Include="World\dayNightCycle\LightColorCycle.cpp">
      <Filter>源文件</Filter>
    </ClCompile>
    <ClCompile Include="World\dayNightCycle\MistColorCycle.cpp">
      <Filter>源文件</Filter>
    </ClCompile>
    <ClCompile Include="Render Engine\basics\DisplayManager.cpp">
    <ClCompile Include="World\time\Calendar.cpp">
      <Filter>源文件</Filter>
    </ClCompile>
  </ItemGroup>
  <ItemGroup>
    <ClInclude Include="Source\entity\models.h">
      <Filter>头文件</Filter>
    </ClInclude>
    <ClInclude Include="Render Engine\toolbox\maths\mat4.h">
      <Filter>头文件</Filter>
    </ClInclude>
    <ClInclude Include="Render Engine\toolbox\maths\maths_func.h">
      <Filter>头文件</Filter>
    </ClInclude>
    <ClInclude Include="Render Engine\toolbox\maths\vec2.h">
      <Filter>头文件</Filter>
    </ClInclude>
    <ClInclude Include="Render Engine\toolbox\maths\vec3.h">
      <Filter>头文件</Filter>
    </ClInclude>
    <ClInclude Include="Render Engine\toolbox\maths\vec4.h">
      <Filter>头文件</Filter>
    </ClInclude>
    <ClInclude Include="Render Engine\buffers\buffer.h">
      <Filter>头文件</Filter>
    </ClInclude>
    <ClInclude Include="Render Engine\buffers\indexbuffer.h">
      <Filter>头文件</Filter>
    </ClInclude>
    <ClInclude Include="Render Engine\buffers\vertexarray.h">
      <Filter>头文件</Filter>
    </ClInclude>
    <ClInclude Include="Render Engine\shaders\shader.h">
      <Filter>头文件</Filter>
    </ClInclude>
    <ClInclude Include="Render Engine\basics\window.h">
      <Filter>头文件</Filter>
    </ClInclude>
    <ClInclude Include="Source\main\camera.h">
      <Filter>头文件</Filter>
    </ClInclude>
    <ClInclude Include="Resource Management\utils\fileutils.h">
      <Filter>头文件</Filter>
    </ClInclude>
    <ClInclude Include="Render Engine\shaders\uniform.h">
      <Filter>头文件</Filter>
    </ClInclude>
    <ClInclude Include="Render Engine\shaders\uniformvec3.h">
      <Filter>头文件</Filter>
    </ClInclude>
    <ClInclude Include="Render Engine\shaders\uniformmat4.h">
      <Filter>头文件</Filter>
    </ClInclude>
    <ClInclude Include="Render Engine\shaders\dragonshader.h">
      <Filter>头文件</Filter>
    </ClInclude>
    <ClInclude Include="Render Engine\shaders\uniformvec2.h">
      <Filter>头文件</Filter>
    </ClInclude>
    <ClInclude Include="Render Engine\shaders\uniformsampler.h">
      <Filter>头文件</Filter>
    </ClInclude>
    <ClInclude Include="Render Engine\shaders\uniform1f.h">
      <Filter>头文件</Filter>
    </ClInclude>
    <ClInclude Include="Render Engine\shaders\uniformvec4.h">
      <Filter>头文件</Filter>
    </ClInclude>
    <ClInclude Include="Render Engine\shaders\uniformbool.h">
      <Filter>头文件</Filter>
    </ClInclude>
    <ClInclude Include="Resource Management\glRequestProcessing\glrequest.h">
      <Filter>头文件</Filter>
    </ClInclude>
    <ClInclude Include="Resource Management\glRequestProcessing\glrequestprocessor.h">
      <Filter>头文件</Filter>
    </ClInclude>
    <ClInclude Include="Resource Management\glRequestProcessing\glrequestqueue.h">
      <Filter>头文件</Filter>
    </ClInclude>
    <ClInclude Include="Render Engine\textures\texture.h">
      <Filter>头文件</Filter>
    </ClInclude>
    <ClInclude Include="Render Engine\textures\texturemanager.h">
      <Filter>头文件</Filter>
    </ClInclude>
    <ClInclude Include="Render Engine\textures\textureloadrequest.h">
      <Filter>头文件</Filter>
    </ClInclude>
    <ClInclude Include="Render Engine\particles\particle.h">
      <Filter>头文件</Filter>
    </ClInclude>
    <ClInclude Include="Render Engine\particles\particleColourShader.h">
      <Filter>头文件</Filter>
    </ClInclude>
    <ClInclude Include="Render Engine\particles\particleRender.h">
      <Filter>头文件</Filter>
    </ClInclude>
    <ClInclude Include="Render Engine\particles\particleShader.h">
      <Filter>头文件</Filter>
    </ClInclude>
    <ClInclude Include="Render Engine\particles\ParticleTexture.h">
      <Filter>头文件</Filter>
    </ClInclude>
    <ClInclude Include="Render Engine\environment\environment.h">
      <Filter>头文件</Filter>
    </ClInclude>
    <ClInclude Include="Render Engine\toolbox\Transformation.h">
      <Filter>头文件</Filter>
    </ClInclude>
    <ClInclude Include="Render Engine\toolbox\Color.h">
      <Filter>头文件</Filter>
    </ClInclude>
    <ClInclude Include="Render Engine\postProcessing\PostProcessingPipeline.h">
      <Filter>头文件</Filter>
    </ClInclude>
    <ClInclude Include="Render Engine\postProcessing\PostProcessingFilter.h">
      <Filter>头文件</Filter>
    </ClInclude>
    <ClInclude Include="Render Engine\postProcessing\Fbo.h">
      <Filter>头文件</Filter>
    </ClInclude>
    <ClInclude Include="Render Engine\postProcessing\FboBuilder.h">
      <Filter>头文件</Filter>
    </ClInclude>
    <ClInclude Include="Render Engine\bloom\bloomEffect.h">
      <Filter>头文件</Filter>
    </ClInclude>
    <ClInclude Include="Render Engine\toolbox\OpenglUtils.h">
      <Filter>头文件</Filter>
    </ClInclude>
    <ClInclude Include="Render Engine\postProcessing\GaussianBlur.h">
      <Filter>头文件</Filter>
    </ClInclude>
    <ClInclude Include="Render Engine\postProcessing\VerticalBlurShader.h">
      <Filter>头文件</Filter>
    </ClInclude>
    <ClInclude Include="Render Engine\postProcessing\HorizontalBlurShader.h">
      <Filter>头文件</Filter>
    </ClInclude>
    <ClInclude Include="Render Engine\textures\texturedeleterequest.h">
      <Filter>头文件</Filter>
    </ClInclude>
    <ClInclude Include="Render Engine\basics\terrain.h">
      <Filter>头文件</Filter>
    </ClInclude>
    <ClInclude Include="Render Engine\basics\terrainShader.h">
      <Filter>头文件</Filter>
    </ClInclude>
    <ClInclude Include="Render Engine\postProcessing\InvertColorShader.h">
      <Filter>头文件</Filter>
    </ClInclude>
    <ClInclude Include="Render Engine\postProcessing\InvertColor.h">
      <Filter>头文件</Filter>
    </ClInclude>
    <ClInclude Include="Render Engine\postProcessing\GaussianBlur\GaussianBlur.h">
      <Filter>头文件</Filter>
    </ClInclude>
    <ClInclude Include="Render Engine\postProcessing\GaussianBlur\HorizontalBlurShader.h">
      <Filter>头文件</Filter>
    </ClInclude>
    <ClInclude Include="Render Engine\postProcessing\GaussianBlur\VerticalBlurShader.h">
      <Filter>头文件</Filter>
    </ClInclude>
    <ClInclude Include="Render Engine\postProcessing\InvertColor\InvertColor.h">
      <Filter>头文件</Filter>
    </ClInclude>
    <ClInclude Include="Render Engine\postProcessing\InvertColor\InvertColorShader.h">
      <Filter>头文件</Filter>
    </ClInclude>
    <ClInclude Include="World\dayNightCycle\ColorCycle.h">
      <Filter>头文件</Filter>
    </ClInclude>
    <ClInclude Include="World\dayNightCycle\HorizonColourCycle.h">
      <Filter>头文件</Filter>
    </ClInclude>
    <ClInclude Include="World\dayNightCycle\MistColorCycle.h">
      <Filter>头文件</Filter>
    </ClInclude>
    <ClInclude Include="Render Engine\basics\DIsplayManager.h">
    <ClInclude Include="Render Engine\textures\texturedeleterequest.h">
      <Filter>头文件</Filter>
    </ClInclude>
    <ClInclude Include="Resource Management\utils\binarywriter.h">
      <Filter>头文件</Filter>
    </ClInclude>
    <ClInclude Include="Resource Management\utils\binaryreader.h">
      <Filter>头文件</Filter>
    </ClInclude>
    <ClInclude Include="Resource Management\languages\gametext.h">
      <Filter>头文件</Filter>
    </ClInclude>
    <ClInclude Include="Resource Management\languages\language.h">
      <Filter>头文件</Filter>
    </ClInclude>
    <ClInclude Include="World\time\Calendar.h">
      <Filter>头文件</Filter>
    </ClInclude>
  </ItemGroup>
  <ItemGroup>
    <None Include="Source\shaders\basic.frag" />
    <None Include="Source\shaders\basic.vert" />
    <None Include="Source\shaders\dragon.frag" />
    <None Include="Source\shaders\dragon.vert" />
    <None Include="Render Engine\particles\particle.frag" />
    <None Include="Render Engine\particles\particle.vert" />
    <None Include="Render Engine\particles\particleColour.vert" />
    <None Include="Render Engine\particles\particleColour.frag" />
    <None Include="Render Engine\postProcessing\blur.frag" />
    <None Include="Render Engine\postProcessing\horizontalBlur.vert" />
    <None Include="Render Engine\postProcessing\verticalBlur.vert" />
    <None Include="Render Engine\basics\terrain.frag" />
    <None Include="Render Engine\basics\terrain.vert" />
    <None Include="Render Engine\postProcessing\InvertColor.frag" />
    <None Include="Render Engine\postProcessing\InvertColor.vert" />
    <None Include="Render Engine\postProcessing\InvertColor\InvertColor.frag" />
    <None Include="Render Engine\postProcessing\InvertColor\InvertColor.vert" />
    <None Include="Render Engine\postProcessing\GaussianBlur\verticalBlur.vert" />
    <None Include="Render Engine\postProcessing\GaussianBlur\horizontalBlur.vert" />
    <None Include="Render Engine\postProcessing\GaussianBlur\blur.frag" />
    <None Include="Render Engine\postProcessing\basicPostProcessing.vert" />
    <None Include="Render Engine\bloom\combine.frag" />
    <None Include="Render Engine\bloom\brightPass.frag" />
  </ItemGroup>
  <ItemGroup>
    <Text Include="Render Engine\postProcessing\verticalBlurVertex.glsl" />
  </ItemGroup>
  <ItemGroup>
    <Text Include="Render Engine\postProcessing\verticalBlurVertex.glsl" />
  </ItemGroup>
</Project>